{
  "originHash" : "562ca21d925e191df7a22cba9dca721e0678acddaa69ba3693bdefea4d39f144",
  "pins" : [
    {
      "identity" : "sqlite.swift",
      "kind" : "remoteSourceControl",
      "location" : "https://github.com/stephencelis/SQLite.swift.git",
      "state" : {
        "revision" : "a95fc6df17d108bd99210db5e8a9bac90fe984b8",
        "version" : "0.15.3"
      }
    },
    {
      "identity" : "swift-argument-parser",
      "kind" : "remoteSourceControl",
      "location" : "https://github.com/apple/swift-argument-parser",
      "state" : {
        "revision" : "46989693916f56d1186bd59ac15124caef896560",
        "version" : "1.3.1"
      }
    },
    {
      "identity" : "swift-music-library",
      "kind" : "remoteSourceControl",
      "location" : "https://github.com/fwcd/swift-music-library.git",
      "state" : {
        "revision" : "a65e293a50355ad7ca71677accdc7ccee6323a01",
        "version" : "0.1.6"
      }
    },
    {
      "identity" : "swift-ordered-plist-encoder",
      "kind" : "remoteSourceControl",
      "location" : "https://github.com/fwcd/swift-ordered-plist-encoder.git",
      "state" : {
        "revision" : "afc98e6d084f83008d6d78a281db9f7859b45c61",
        "version" : "0.0.1"
      }
    }
  ],
  "version" : 3
}
