{
  "originHash" : "4d8d556ce1afa70af0782e4fcd1223fc364024fc8c1161bc29f9666210e182d7",
  "pins" : [
    {
      "identity" : "sqlite.swift",
      "kind" : "remoteSourceControl",
      "location" : "https://github.com/stephencelis/SQLite.swift.git",
      "state" : {
        "revision" : "a95fc6df17d108bd99210db5e8a9bac90fe984b8",
        "version" : "0.15.3"
      }
    },
    {
      "identity" : "swift-argument-parser",
      "kind" : "remoteSourceControl",
      "location" : "https://github.com/apple/swift-argument-parser",
      "state" : {
        "revision" : "46989693916f56d1186bd59ac15124caef896560",
        "version" : "1.3.1"
      }
    },
    {
      "identity" : "swift-music-library",
      "kind" : "remoteSourceControl",
      "location" : "https://github.com/fwcd/swift-music-library.git",
      "state" : {
        "revision" : "b8ba79736048f4cf5a943a6c4b3252526d0cd353",
        "version" : "1.2.1"
      }
    },
    {
      "identity" : "swift-ordered-plist-encoder",
      "kind" : "remoteSourceControl",
      "location" : "https://github.com/fwcd/swift-ordered-plist-encoder.git",
      "state" : {
        "revision" : "44f13aa020333cb3851c80ba7d147aeb9dff41b3",
        "version" : "2.0.4"
      }
    }
  ],
  "version" : 3
}
