{
  "originHash" : "159cf9dffd0bc0eb841b1b5d03d4026e32c6652ed4c0848cd556347a71c574e9",
  "pins" : [
    {
      "identity" : "sqlite.swift",
      "kind" : "remoteSourceControl",
      "location" : "https://github.com/stephencelis/SQLite.swift.git",
      "state" : {
        "revision" : "a95fc6df17d108bd99210db5e8a9bac90fe984b8",
        "version" : "0.15.3"
      }
    },
    {
      "identity" : "swift-argument-parser",
      "kind" : "remoteSourceControl",
      "location" : "https://github.com/apple/swift-argument-parser",
      "state" : {
        "revision" : "46989693916f56d1186bd59ac15124caef896560",
        "version" : "1.3.1"
      }
    },
    {
      "identity" : "swift-music-library",
      "kind" : "remoteSourceControl",
      "location" : "https://github.com/fwcd/swift-music-library.git",
      "state" : {
        "revision" : "bc45e0a4615451652ca96b2272ea6b3f743b573d",
        "version" : "1.1.1"
      }
    },
    {
      "identity" : "swift-ordered-plist-encoder",
      "kind" : "remoteSourceControl",
      "location" : "https://github.com/fwcd/swift-ordered-plist-encoder.git",
      "state" : {
        "revision" : "056bd9d08ea12aa7daa2b5fdbe4c1dc5c6991493",
        "version" : "1.0.0"
      }
    }
  ],
  "version" : 3
}
